// !$*UTF8*$!
{
	archiveVersion = 1;
	classes = {
	};
	objectVersion = 56;
	objects = {

/* Begin PBXBuildFile section */
		DB3A481C29D8322700A90D71 /* AppDelegate.swift in Sources */ = {isa = PBXBuildFile; fileRef = DB3A481B29D8322700A90D71 /* AppDelegate.swift */; };
		DB3A481E29D8322700A90D71 /* SceneDelegate.swift in Sources */ = {isa = PBXBuildFile; fileRef = DB3A481D29D8322700A90D71 /* SceneDelegate.swift */; };
		DB3A482029D8322700A90D71 /* ViewController.swift in Sources */ = {isa = PBXBuildFile; fileRef = DB3A481F29D8322700A90D71 /* ViewController.swift */; };
		DB3A482529D8322800A90D71 /* Assets.xcassets in Resources */ = {isa = PBXBuildFile; fileRef = DB3A482429D8322800A90D71 /* Assets.xcassets */; };
		DB3A482829D8322800A90D71 /* LaunchScreen.storyboard in Resources */ = {isa = PBXBuildFile; fileRef = DB3A482629D8322800A90D71 /* LaunchScreen.storyboard */; };
		DB3A483129D8329800A90D71 /* ListOfMoviesView.swift in Sources */ = {isa = PBXBuildFile; fileRef = DB3A483029D8329800A90D71 /* ListOfMoviesView.swift */; };
		DB3A483329D832BD00A90D71 /* ListOfMoviesPresenter.swift in Sources */ = {isa = PBXBuildFile; fileRef = DB3A483229D832BD00A90D71 /* ListOfMoviesPresenter.swift */; };
		DB3A483529D832E600A90D71 /* ListOfMoviesInteractor.swift in Sources */ = {isa = PBXBuildFile; fileRef = DB3A483429D832E600A90D71 /* ListOfMoviesInteractor.swift */; };
		DB3A483729D8331600A90D71 /* ListOfMoviesRouter.swift in Sources */ = {isa = PBXBuildFile; fileRef = DB3A483629D8331600A90D71 /* ListOfMoviesRouter.swift */; };
		DB3A483A29D8352100A90D71 /* PopularMovieEntity.swift in Sources */ = {isa = PBXBuildFile; fileRef = DB3A483929D8352100A90D71 /* PopularMovieEntity.swift */; };
		DB3A483C29D835D400A90D71 /* PopularMovieResponseEntity.swift in Sources */ = {isa = PBXBuildFile; fileRef = DB3A483B29D835D400A90D71 /* PopularMovieResponseEntity.swift */; };
		DB3A483E29D83B9300A90D71 /* MovieCellView.swift in Sources */ = {isa = PBXBuildFile; fileRef = DB3A483D29D83B9300A90D71 /* MovieCellView.swift */; };
		DB3A484129D8C53200A90D71 /* Kingfisher in Frameworks */ = {isa = PBXBuildFile; productRef = DB3A484029D8C53200A90D71 /* Kingfisher */; };
/* End PBXBuildFile section */

/* Begin PBXFileReference section */
		DB3A481829D8322700A90D71 /* Swift_Viper.app */ = {isa = PBXFileReference; explicitFileType = wrapper.application; includeInIndex = 0; path = Swift_Viper.app; sourceTree = BUILT_PRODUCTS_DIR; };
		DB3A481B29D8322700A90D71 /* AppDelegate.swift */ = {isa = PBXFileReference; lastKnownFileType = sourcecode.swift; path = AppDelegate.swift; sourceTree = "<group>"; };
		DB3A481D29D8322700A90D71 /* SceneDelegate.swift */ = {isa = PBXFileReference; lastKnownFileType = sourcecode.swift; path = SceneDelegate.swift; sourceTree = "<group>"; };
		DB3A481F29D8322700A90D71 /* ViewController.swift */ = {isa = PBXFileReference; lastKnownFileType = sourcecode.swift; path = ViewController.swift; sourceTree = "<group>"; };
		DB3A482429D8322800A90D71 /* Assets.xcassets */ = {isa = PBXFileReference; lastKnownFileType = folder.assetcatalog; path = Assets.xcassets; sourceTree = "<group>"; };
		DB3A482729D8322800A90D71 /* Base */ = {isa = PBXFileReference; lastKnownFileType = file.storyboard; name = Base; path = Base.lproj/LaunchScreen.storyboard; sourceTree = "<group>"; };
		DB3A482929D8322800A90D71 /* Info.plist */ = {isa = PBXFileReference; lastKnownFileType = text.plist.xml; path = Info.plist; sourceTree = "<group>"; };
		DB3A483029D8329800A90D71 /* ListOfMoviesView.swift */ = {isa = PBXFileReference; lastKnownFileType = sourcecode.swift; path = ListOfMoviesView.swift; sourceTree = "<group>"; };
		DB3A483229D832BD00A90D71 /* ListOfMoviesPresenter.swift */ = {isa = PBXFileReference; lastKnownFileType = sourcecode.swift; path = ListOfMoviesPresenter.swift; sourceTree = "<group>"; };
		DB3A483429D832E600A90D71 /* ListOfMoviesInteractor.swift */ = {isa = PBXFileReference; lastKnownFileType = sourcecode.swift; path = ListOfMoviesInteractor.swift; sourceTree = "<group>"; };
		DB3A483629D8331600A90D71 /* ListOfMoviesRouter.swift */ = {isa = PBXFileReference; lastKnownFileType = sourcecode.swift; path = ListOfMoviesRouter.swift; sourceTree = "<group>"; };
		DB3A483929D8352100A90D71 /* PopularMovieEntity.swift */ = {isa = PBXFileReference; lastKnownFileType = sourcecode.swift; path = PopularMovieEntity.swift; sourceTree = "<group>"; };
		DB3A483B29D835D400A90D71 /* PopularMovieResponseEntity.swift */ = {isa = PBXFileReference; lastKnownFileType = sourcecode.swift; path = PopularMovieResponseEntity.swift; sourceTree = "<group>"; };
		DB3A483D29D83B9300A90D71 /* MovieCellView.swift */ = {isa = PBXFileReference; lastKnownFileType = sourcecode.swift; path = MovieCellView.swift; sourceTree = "<group>"; };
/* End PBXFileReference section */

/* Begin PBXFrameworksBuildPhase section */
		DB3A481529D8322700A90D71 /* Frameworks */ = {
			isa = PBXFrameworksBuildPhase;
			buildActionMask = 2147483647;
			files = (
				DB3A484129D8C53200A90D71 /* Kingfisher in Frameworks */,
			);
			runOnlyForDeploymentPostprocessing = 0;
		};
/* End PBXFrameworksBuildPhase section */

/* Begin PBXGroup section */
		DB3A480F29D8322700A90D71 = {
			isa = PBXGroup;
			children = (
				DB3A481A29D8322700A90D71 /* Swift_Viper */,
				DB3A481929D8322700A90D71 /* Products */,
			);
			sourceTree = "<group>";
		};
		DB3A481929D8322700A90D71 /* Products */ = {
			isa = PBXGroup;
			children = (
				DB3A481829D8322700A90D71 /* Swift_Viper.app */,
			);
			name = Products;
			sourceTree = "<group>";
		};
		DB3A481A29D8322700A90D71 /* Swift_Viper */ = {
			isa = PBXGroup;
			children = (
				DB3A481B29D8322700A90D71 /* AppDelegate.swift */,
				DB3A481D29D8322700A90D71 /* SceneDelegate.swift */,
				DB3A481F29D8322700A90D71 /* ViewController.swift */,
				DB3A482F29D8326100A90D71 /* ListOfMovies */,
				DB3A482429D8322800A90D71 /* Assets.xcassets */,
				DB3A482629D8322800A90D71 /* LaunchScreen.storyboard */,
				DB3A482929D8322800A90D71 /* Info.plist */,
			);
			path = Swift_Viper;
			sourceTree = "<group>";
		};
		DB3A482F29D8326100A90D71 /* ListOfMovies */ = {
			isa = PBXGroup;
			children = (
				DB3A483029D8329800A90D71 /* ListOfMoviesView.swift */,
				DB3A483D29D83B9300A90D71 /* MovieCellView.swift */,
				DB3A483229D832BD00A90D71 /* ListOfMoviesPresenter.swift */,
				DB3A483429D832E600A90D71 /* ListOfMoviesInteractor.swift */,
				DB3A483629D8331600A90D71 /* ListOfMoviesRouter.swift */,
				DB3A483829D8331F00A90D71 /* Entities */,
			);
			path = ListOfMovies;
			sourceTree = "<group>";
		};
		DB3A483829D8331F00A90D71 /* Entities */ = {
			isa = PBXGroup;
			children = (
				DB3A483929D8352100A90D71 /* PopularMovieEntity.swift */,
				DB3A483B29D835D400A90D71 /* PopularMovieResponseEntity.swift */,
			);
			path = Entities;
			sourceTree = "<group>";
		};
/* End PBXGroup section */

/* Begin PBXNativeTarget section */
		DB3A481729D8322700A90D71 /* Swift_Viper */ = {
			isa = PBXNativeTarget;
			buildConfigurationList = DB3A482C29D8322800A90D71 /* Build configuration list for PBXNativeTarget "Swift_Viper" */;
			buildPhases = (
				DB3A481429D8322700A90D71 /* Sources */,
				DB3A481529D8322700A90D71 /* Frameworks */,
				DB3A481629D8322700A90D71 /* Resources */,
			);
			buildRules = (
			);
			dependencies = (
			);
			name = Swift_Viper;
			packageProductDependencies = (
				DB3A484029D8C53200A90D71 /* Kingfisher */,
			);
			productName = Swift_Viper;
			productReference = DB3A481829D8322700A90D71 /* Swift_Viper.app */;
			productType = "com.apple.product-type.application";
		};
/* End PBXNativeTarget section */

/* Begin PBXProject section */
		DB3A481029D8322700A90D71 /* Project object */ = {
			isa = PBXProject;
			attributes = {
				BuildIndependentTargetsInParallel = 1;
				LastSwiftUpdateCheck = 1420;
				LastUpgradeCheck = 1420;
				TargetAttributes = {
					DB3A481729D8322700A90D71 = {
						CreatedOnToolsVersion = 14.2;
					};
				};
			};
			buildConfigurationList = DB3A481329D8322700A90D71 /* Build configuration list for PBXProject "Swift_Viper" */;
			compatibilityVersion = "Xcode 14.0";
			developmentRegion = en;
			hasScannedForEncodings = 0;
			knownRegions = (
				en,
				Base,
			);
			mainGroup = DB3A480F29D8322700A90D71;
			packageReferences = (
				DB3A483F29D8C53200A90D71 /* XCRemoteSwiftPackageReference "Kingfisher" */,
			);
			productRefGroup = DB3A481929D8322700A90D71 /* Products */;
			projectDirPath = "";
			projectRoot = "";
			targets = (
				DB3A481729D8322700A90D71 /* Swift_Viper */,
			);
		};
/* End PBXProject section */

/* Begin PBXResourcesBuildPhase section */
		DB3A481629D8322700A90D71 /* Resources */ = {
			isa = PBXResourcesBuildPhase;
			buildActionMask = 2147483647;
			files = (
				DB3A482829D8322800A90D71 /* LaunchScreen.storyboard in Resources */,
				DB3A482529D8322800A90D71 /* Assets.xcassets in Resources */,
			);
			runOnlyForDeploymentPostprocessing = 0;
		};
/* End PBXResourcesBuildPhase section */

/* Begin PBXSourcesBuildPhase section */
		DB3A481429D8322700A90D71 /* Sources */ = {
			isa = PBXSourcesBuildPhase;
			buildActionMask = 2147483647;
			files = (
				DB3A483129D8329800A90D71 /* ListOfMoviesView.swift in Sources */,
				DB3A482029D8322700A90D71 /* ViewController.swift in Sources */,
				DB3A483529D832E600A90D71 /* ListOfMoviesInteractor.swift in Sources */,
				DB3A483E29D83B9300A90D71 /* MovieCellView.swift in Sources */,
				DB3A483A29D8352100A90D71 /* PopularMovieEntity.swift in Sources */,
				DB3A483329D832BD00A90D71 /* ListOfMoviesPresenter.swift in Sources */,
				DB3A483729D8331600A90D71 /* ListOfMoviesRouter.swift in Sources */,
				DB3A481C29D8322700A90D71 /* AppDelegate.swift in Sources */,
				DB3A483C29D835D400A90D71 /* PopularMovieResponseEntity.swift in Sources */,
				DB3A481E29D8322700A90D71 /* SceneDelegate.swift in Sources */,
			);
			runOnlyForDeploymentPostprocessing = 0;
		};
/* End PBXSourcesBuildPhase section */

/* Begin PBXVariantGroup section */
		DB3A482629D8322800A90D71 /* LaunchScreen.storyboard */ = {
			isa = PBXVariantGroup;
			children = (
				DB3A482729D8322800A90D71 /* Base */,
			);
			name = LaunchScreen.storyboard;
			sourceTree = "<group>";
		};
/* End PBXVariantGroup section */

/* Begin XCBuildConfiguration section */
		DB3A482A29D8322800A90D71 /* Debug */ = {
			isa = XCBuildConfiguration;
			buildSettings = {
				ALWAYS_SEARCH_USER_PATHS = NO;
				CLANG_ANALYZER_NONNULL = YES;
				CLANG_ANALYZER_NUMBER_OBJECT_CONVERSION = YES_AGGRESSIVE;
				CLANG_CXX_LANGUAGE_STANDARD = "gnu++20";
				CLANG_ENABLE_MODULES = YES;
				CLANG_ENABLE_OBJC_ARC = YES;
				CLANG_ENABLE_OBJC_WEAK = YES;
				CLANG_WARN_BLOCK_CAPTURE_AUTORELEASING = YES;
				CLANG_WARN_BOOL_CONVERSION = YES;
				CLANG_WARN_COMMA = YES;
				CLANG_WARN_CONSTANT_CONVERSION = YES;
				CLANG_WARN_DEPRECATED_OBJC_IMPLEMENTATIONS = YES;
				CLANG_WARN_DIRECT_OBJC_ISA_USAGE = YES_ERROR;
				CLANG_WARN_DOCUMENTATION_COMMENTS = YES;
				CLANG_WARN_EMPTY_BODY = YES;
				CLANG_WARN_ENUM_CONVERSION = YES;
				CLANG_WARN_INFINITE_RECURSION = YES;
				CLANG_WARN_INT_CONVERSION = YES;
				CLANG_WARN_NON_LITERAL_NULL_CONVERSION = YES;
				CLANG_WARN_OBJC_IMPLICIT_RETAIN_SELF = YES;
				CLANG_WARN_OBJC_LITERAL_CONVERSION = YES;
				CLANG_WARN_OBJC_ROOT_CLASS = YES_ERROR;
				CLANG_WARN_QUOTED_INCLUDE_IN_FRAMEWORK_HEADER = YES;
				CLANG_WARN_RANGE_LOOP_ANALYSIS = YES;
				CLANG_WARN_STRICT_PROTOTYPES = YES;
				CLANG_WARN_SUSPICIOUS_MOVE = YES;
				CLANG_WARN_UNGUARDED_AVAILABILITY = YES_AGGRESSIVE;
				CLANG_WARN_UNREACHABLE_CODE = YES;
				CLANG_WARN__DUPLICATE_METHOD_MATCH = YES;
				COPY_PHASE_STRIP = NO;
				DEBUG_INFORMATION_FORMAT = dwarf;
				ENABLE_STRICT_OBJC_MSGSEND = YES;
				ENABLE_TESTABILITY = YES;
				GCC_C_LANGUAGE_STANDARD = gnu11;
				GCC_DYNAMIC_NO_PIC = NO;
				GCC_NO_COMMON_BLOCKS = YES;
				GCC_OPTIMIZATION_LEVEL = 0;
				GCC_PREPROCESSOR_DEFINITIONS = (
					"DEBUG=1",
					"$(inherited)",
				);
				GCC_WARN_64_TO_32_BIT_CONVERSION = YES;
				GCC_WARN_ABOUT_RETURN_TYPE = YES_ERROR;
				GCC_WARN_UNDECLARED_SELECTOR = YES;
				GCC_WARN_UNINITIALIZED_AUTOS = YES_AGGRESSIVE;
				GCC_WARN_UNUSED_FUNCTION = YES;
				GCC_WARN_UNUSED_VARIABLE = YES;
				IPHONEOS_DEPLOYMENT_TARGET = 16.2;
				MTL_ENABLE_DEBUG_INFO = INCLUDE_SOURCE;
				MTL_FAST_MATH = YES;
				ONLY_ACTIVE_ARCH = YES;
				SDKROOT = iphoneos;
				SWIFT_ACTIVE_COMPILATION_CONDITIONS = DEBUG;
				SWIFT_OPTIMIZATION_LEVEL = "-Onone";
			};
			name = Debug;
		};
		DB3A482B29D8322800A90D71 /* Release */ = {
			isa = XCBuildConfiguration;
			buildSettings = {
				ALWAYS_SEARCH_USER_PATHS = NO;
				CLANG_ANALYZER_NONNULL = YES;
				CLANG_ANALYZER_NUMBER_OBJECT_CONVERSION = YES_AGGRESSIVE;
				CLANG_CXX_LANGUAGE_STANDARD = "gnu++20";
				CLANG_ENABLE_MODULES = YES;
				CLANG_ENABLE_OBJC_ARC = YES;
				CLANG_ENABLE_OBJC_WEAK = YES;
				CLANG_WARN_BLOCK_CAPTURE_AUTORELEASING = YES;
				CLANG_WARN_BOOL_CONVERSION = YES;
				CLANG_WARN_COMMA = YES;
				CLANG_WARN_CONSTANT_CONVERSION = YES;
				CLANG_WARN_DEPRECATED_OBJC_IMPLEMENTATIONS = YES;
				CLANG_WARN_DIRECT_OBJC_ISA_USAGE = YES_ERROR;
				CLANG_WARN_DOCUMENTATION_COMMENTS = YES;
				CLANG_WARN_EMPTY_BODY = YES;
				CLANG_WARN_ENUM_CONVERSION = YES;
				CLANG_WARN_INFINITE_RECURSION = YES;
				CLANG_WARN_INT_CONVERSION = YES;
				CLANG_WARN_NON_LITERAL_NULL_CONVERSION = YES;
				CLANG_WARN_OBJC_IMPLICIT_RETAIN_SELF = YES;
				CLANG_WARN_OBJC_LITERAL_CONVERSION = YES;
				CLANG_WARN_OBJC_ROOT_CLASS = YES_ERROR;
				CLANG_WARN_QUOTED_INCLUDE_IN_FRAMEWORK_HEADER = YES;
				CLANG_WARN_RANGE_LOOP_ANALYSIS = YES;
				CLANG_WARN_STRICT_PROTOTYPES = YES;
				CLANG_WARN_SUSPICIOUS_MOVE = YES;
				CLANG_WARN_UNGUARDED_AVAILABILITY = YES_AGGRESSIVE;
				CLANG_WARN_UNREACHABLE_CODE = YES;
				CLANG_WARN__DUPLICATE_METHOD_MATCH = YES;
				COPY_PHASE_STRIP = NO;
				DEBUG_INFORMATION_FORMAT = "dwarf-with-dsym";
				ENABLE_NS_ASSERTIONS = NO;
				ENABLE_STRICT_OBJC_MSGSEND = YES;
				GCC_C_LANGUAGE_STANDARD = gnu11;
				GCC_NO_COMMON_BLOCKS = YES;
				GCC_WARN_64_TO_32_BIT_CONVERSION = YES;
				GCC_WARN_ABOUT_RETURN_TYPE = YES_ERROR;
				GCC_WARN_UNDECLARED_SELECTOR = YES;
				GCC_WARN_UNINITIALIZED_AUTOS = YES_AGGRESSIVE;
				GCC_WARN_UNUSED_FUNCTION = YES;
				GCC_WARN_UNUSED_VARIABLE = YES;
				IPHONEOS_DEPLOYMENT_TARGET = 16.2;
				MTL_ENABLE_DEBUG_INFO = NO;
				MTL_FAST_MATH = YES;
				SDKROOT = iphoneos;
				SWIFT_COMPILATION_MODE = wholemodule;
				SWIFT_OPTIMIZATION_LEVEL = "-O";
				VALIDATE_PRODUCT = YES;
			};
			name = Release;
		};
		DB3A482D29D8322800A90D71 /* Debug */ = {
			isa = XCBuildConfiguration;
			buildSettings = {
				ASSETCATALOG_COMPILER_APPICON_NAME = AppIcon;
				ASSETCATALOG_COMPILER_GLOBAL_ACCENT_COLOR_NAME = AccentColor;
				CODE_SIGN_STYLE = Automatic;
				CURRENT_PROJECT_VERSION = 1;
				DEVELOPMENT_TEAM = PZRYTAB987;
				GENERATE_INFOPLIST_FILE = YES;
				INFOPLIST_FILE = Swift_Viper/Info.plist;
				INFOPLIST_KEY_UIApplicationSupportsIndirectInputEvents = YES;
				INFOPLIST_KEY_UILaunchStoryboardName = LaunchScreen;
				INFOPLIST_KEY_UISupportedInterfaceOrientations_iPad = "UIInterfaceOrientationPortrait UIInterfaceOrientationPortraitUpsideDown UIInterfaceOrientationLandscapeLeft UIInterfaceOrientationLandscapeRight";
				INFOPLIST_KEY_UISupportedInterfaceOrientations_iPhone = "UIInterfaceOrientationPortrait UIInterfaceOrientationLandscapeLeft UIInterfaceOrientationLandscapeRight";
				LD_RUNPATH_SEARCH_PATHS = (
					"$(inherited)",
					"@executable_path/Frameworks",
				);
				MARKETING_VERSION = 1.0;
				PRODUCT_BUNDLE_IDENTIFIER = "com.rodor.Swift-Viper";
				PRODUCT_NAME = "$(TARGET_NAME)";
				SWIFT_EMIT_LOC_STRINGS = YES;
				SWIFT_VERSION = 5.0;
				TARGETED_DEVICE_FAMILY = "1,2";
			};
			name = Debug;
		};
		DB3A482E29D8322800A90D71 /* Release */ = {
			isa = XCBuildConfiguration;
			buildSettings = {
				ASSETCATALOG_COMPILER_APPICON_NAME = AppIcon;
				ASSETCATALOG_COMPILER_GLOBAL_ACCENT_COLOR_NAME = AccentColor;
				CODE_SIGN_STYLE = Automatic;
				CURRENT_PROJECT_VERSION = 1;
				DEVELOPMENT_TEAM = PZRYTAB987;
				GENERATE_INFOPLIST_FILE = YES;
				INFOPLIST_FILE = Swift_Viper/Info.plist;
				INFOPLIST_KEY_UIApplicationSupportsIndirectInputEvents = YES;
				INFOPLIST_KEY_UILaunchStoryboardName = LaunchScreen;
				INFOPLIST_KEY_UISupportedInterfaceOrientations_iPad = "UIInterfaceOrientationPortrait UIInterfaceOrientationPortraitUpsideDown UIInterfaceOrientationLandscapeLeft UIInterfaceOrientationLandscapeRight";
				INFOPLIST_KEY_UISupportedInterfaceOrientations_iPhone = "UIInterfaceOrientationPortrait UIInterfaceOrientationLandscapeLeft UIInterfaceOrientationLandscapeRight";
				LD_RUNPATH_SEARCH_PATHS = (
					"$(inherited)",
					"@executable_path/Frameworks",
				);
				MARKETING_VERSION = 1.0;
				PRODUCT_BUNDLE_IDENTIFIER = "com.rodor.Swift-Viper";
				PRODUCT_NAME = "$(TARGET_NAME)";
				SWIFT_EMIT_LOC_STRINGS = YES;
				SWIFT_VERSION = 5.0;
				TARGETED_DEVICE_FAMILY = "1,2";
			};
			name = Release;
		};
/* End XCBuildConfiguration section */

/* Begin XCConfigurationList section */
		DB3A481329D8322700A90D71 /* Build configuration list for PBXProject "Swift_Viper" */ = {
			isa = XCConfigurationList;
			buildConfigurations = (
				DB3A482A29D8322800A90D71 /* Debug */,
				DB3A482B29D8322800A90D71 /* Release */,
			);
			defaultConfigurationIsVisible = 0;
			defaultConfigurationName = Release;
		};
		DB3A482C29D8322800A90D71 /* Build configuration list for PBXNativeTarget "Swift_Viper" */ = {
			isa = XCConfigurationList;
			buildConfigurations = (
				DB3A482D29D8322800A90D71 /* Debug */,
				DB3A482E29D8322800A90D71 /* Release */,
			);
			defaultConfigurationIsVisible = 0;
			defaultConfigurationName = Release;
		};
/* End XCConfigurationList section */

/* Begin XCRemoteSwiftPackageReference section */
		DB3A483F29D8C53200A90D71 /* XCRemoteSwiftPackageReference "Kingfisher" */ = {
			isa = XCRemoteSwiftPackageReference;
			repositoryURL = "https://github.com/onevcat/Kingfisher.git";
			requirement = {
				kind = upToNextMajorVersion;
				minimumVersion = 7.0.0;
			};
		};
/* End XCRemoteSwiftPackageReference section */

/* Begin XCSwiftPackageProductDependency section */
		DB3A484029D8C53200A90D71 /* Kingfisher */ = {
			isa = XCSwiftPackageProductDependency;
			package = DB3A483F29D8C53200A90D71 /* XCRemoteSwiftPackageReference "Kingfisher" */;
			productName = Kingfisher;
		};
/* End XCSwiftPackageProductDependency section */
	};
	rootObject = DB3A481029D8322700A90D71 /* Project object */;
}
